
Microsoft Visual Studio Solution File, Format Version 11.00
# Visual Studio 2010
Project("{FAE04EC0-301F-11D3-BF4B-00C04F79EFBC}") = "UnityEditor.TestRunner", "UnityEditor.TestRunner.csproj", "{3e093fe6-fb97-308b-8beb-52aa8cbc6152}"
EndProject
Project("{FAE04EC0-301F-11D3-BF4B-00C04F79EFBC}") = "Unity.UI.TestFramework.Runtime", "Unity.UI.TestFramework.Runtime.csproj", "{32aaee2b-78b3-6aa5-74e0-86c112120981}"
EndProject
Project("{FAE04EC0-301F-11D3-BF4B-00C04F79EFBC}") = "Unity.Multiplayer.Center.Editor", "Unity.Multiplayer.Center.Editor.csproj", "{4d42882c-be3b-5183-0006-d6973b4ab0a5}"
EndProject
Project("{FAE04EC0-301F-11D3-BF4B-00C04F79EFBC}") = "UnityEngine.TestRunner", "UnityEngine.TestRunner.csproj", "{fe3ec3a5-d949-6d60-2c00-26934487e99d}"
EndProject
Project("{FAE04EC0-301F-11D3-BF4B-00C04F79EFBC}") = "Unity.UI.TestFramework.Editor", "Unity.UI.TestFramework.Editor.csproj", "{6b9d293b-de40-6f7e-4e8f-cc773ba4112f}"
EndProject
Project("{FAE04EC0-301F-11D3-BF4B-00C04F79EFBC}") = "Unity.Rider.Editor", "Unity.Rider.Editor.csproj", "{bb99a87e-cae8-cb12-466d-22ba2b9c494c}"
EndProject
Project("{FAE04EC0-301F-11D3-BF4B-00C04F79EFBC}") = "Unity.Multiplayer.Center.Common", "Unity.Multiplayer.Center.Common.csproj", "{b77b0df6-cf60-25f0-c67b-0c7b404e4b43}"
EndProject
Project("{FAE04EC0-301F-11D3-BF4B-00C04F79EFBC}") = "Assembly-CSharp", "Assembly-CSharp.csproj", "{c1ee7084-aaef-baff-eb45-53dab7bc8cea}"
EndProject
Project("{FAE04EC0-301F-11D3-BF4B-00C04F79EFBC}") = "Login.PlayMode.Tests", "Login.PlayMode.Tests.csproj", "{a1934d59-c3b9-821c-abd6-d41bf661907c}"
EndProject
Project("{FAE04EC0-301F-11D3-BF4B-00C04F79EFBC}") = "Login.EditMode.Tests", "Login.EditMode.Tests.csproj", "{4e94b1ad-a97c-ee82-22d4-ac0931ce8a0c}"
EndProject
Project("{FAE04EC0-301F-11D3-BF4B-00C04F79EFBC}") = "Unity.UI.TestFramework.Runtime", "Unity.UI.TestFramework.Runtime.Player.csproj", "{33703574-b579-dac5-1853-31462964f067}"
EndProject
Project("{FAE04EC0-301F-11D3-BF4B-00C04F79EFBC}") = "UnityEngine.TestRunner", "UnityEngine.TestRunner.Player.csproj", "{baab3164-08f1-61e7-46cc-799e4b645808}"
EndProject
Project("{FAE04EC0-301F-11D3-BF4B-00C04F79EFBC}") = "Unity.Multiplayer.Center.Common", "Unity.Multiplayer.Center.Common.Player.csproj", "{cdc30955-2d73-b0e8-babc-3ec2c88f20e8}"
EndProject
Project("{FAE04EC0-301F-11D3-BF4B-00C04F79EFBC}") = "Assembly-CSharp", "Assembly-CSharp.Player.csproj", "{794c4e7f-4a04-24bc-91b7-11dfaf135a53}"
EndProject
Project("{FAE04EC0-301F-11D3-BF4B-00C04F79EFBC}") = "Login.PlayMode.Tests", "Login.PlayMode.Tests.Player.csproj", "{381dc0eb-482b-b49b-f686-34d93fc795b8}"
EndProject
Project("{FAE04EC0-301F-11D3-BF4B-00C04F79EFBC}") = "Login.EditMode.Tests", "Login.EditMode.Tests.Player.csproj", "{82638e11-dcfd-163c-5aeb-7ddb5b929f9a}"
EndProject
Project("{FAE04EC0-301F-11D3-BF4B-00C04F79EFBC}") = "TestNewCustomAssembly", "TestNewCustomAssembly.csproj", "{d607c2af-dc0e-0dde-706e-015c2b4b5725}"
EndProject
Project("{FAE04EC0-301F-11D3-BF4B-00C04F79EFBC}") = "Unity.UI.TestFramework.Package.Runtime.Tests", "Unity.UI.TestFramework.Package.Runtime.Tests.csproj", "{3144326a-ce96-d27a-b0b5-42579b146814}"
EndProject
Project("{FAE04EC0-301F-11D3-BF4B-00C04F79EFBC}") = "Unity.Multiplayer.Center.Tests", "Unity.Multiplayer.Center.Tests.csproj", "{6d1c7f7e-3df2-1a9b-7a6f-c1f26926e7d9}"
EndProject
Project("{FAE04EC0-301F-11D3-BF4B-00C04F79EFBC}") = "Unity.Multiplayer.Center.Editor.Tests", "Unity.Multiplayer.Center.Editor.Tests.csproj", "{ecd3a2dc-5bfd-99c0-848c-d9e96d2fbdfd}"
EndProject
Project("{FAE04EC0-301F-11D3-BF4B-00C04F79EFBC}") = "Unity.UI.TestFramework.Package.Editor.Tests", "Unity.UI.TestFramework.Package.Editor.Tests.csproj", "{60258444-da78-f72a-7ee4-4f43cbf84477}"
EndProject
Global
	GlobalSection(SolutionConfigurationPlatforms) = preSolution
		Debug|Any CPU = Debug|Any CPU
	EndGlobalSection
	GlobalSection(ProjectConfigurationPlatforms) = postSolution
		{3e093fe6-fb97-308b-8beb-52aa8cbc6152}.Debug|Any CPU.ActiveCfg = Debug|Any CPU
		{3e093fe6-fb97-308b-8beb-52aa8cbc6152}.Debug|Any CPU.Build.0 = Debug|Any CPU
		{32aaee2b-78b3-6aa5-74e0-86c112120981}.Debug|Any CPU.ActiveCfg = Debug|Any CPU
		{32aaee2b-78b3-6aa5-74e0-86c112120981}.Debug|Any CPU.Build.0 = Debug|Any CPU
		{4d42882c-be3b-5183-0006-d6973b4ab0a5}.Debug|Any CPU.ActiveCfg = Debug|Any CPU
		{4d42882c-be3b-5183-0006-d6973b4ab0a5}.Debug|Any CPU.Build.0 = Debug|Any CPU
		{fe3ec3a5-d949-6d60-2c00-26934487e99d}.Debug|Any CPU.ActiveCfg = Debug|Any CPU
		{fe3ec3a5-d949-6d60-2c00-26934487e99d}.Debug|Any CPU.Build.0 = Debug|Any CPU
		{6b9d293b-de40-6f7e-4e8f-cc773ba4112f}.Debug|Any CPU.ActiveCfg = Debug|Any CPU
		{6b9d293b-de40-6f7e-4e8f-cc773ba4112f}.Debug|Any CPU.Build.0 = Debug|Any CPU
		{bb99a87e-cae8-cb12-466d-22ba2b9c494c}.Debug|Any CPU.ActiveCfg = Debug|Any CPU
		{bb99a87e-cae8-cb12-466d-22ba2b9c494c}.Debug|Any CPU.Build.0 = Debug|Any CPU
		{b77b0df6-cf60-25f0-c67b-0c7b404e4b43}.Debug|Any CPU.ActiveCfg = Debug|Any CPU
		{b77b0df6-cf60-25f0-c67b-0c7b404e4b43}.Debug|Any CPU.Build.0 = Debug|Any CPU
		{c1ee7084-aaef-baff-eb45-53dab7bc8cea}.Debug|Any CPU.ActiveCfg = Debug|Any CPU
		{c1ee7084-aaef-baff-eb45-53dab7bc8cea}.Debug|Any CPU.Build.0 = Debug|Any CPU
		{a1934d59-c3b9-821c-abd6-d41bf661907c}.Debug|Any CPU.ActiveCfg = Debug|Any CPU
		{a1934d59-c3b9-821c-abd6-d41bf661907c}.Debug|Any CPU.Build.0 = Debug|Any CPU
		{4e94b1ad-a97c-ee82-22d4-ac0931ce8a0c}.Debug|Any CPU.ActiveCfg = Debug|Any CPU
		{4e94b1ad-a97c-ee82-22d4-ac0931ce8a0c}.Debug|Any CPU.Build.0 = Debug|Any CPU
		{33703574-b579-dac5-1853-31462964f067}.Debug|Any CPU.ActiveCfg = Debug|Any CPU
		{33703574-b579-dac5-1853-31462964f067}.Debug|Any CPU.Build.0 = Debug|Any CPU
		{baab3164-08f1-61e7-46cc-799e4b645808}.Debug|Any CPU.ActiveCfg = Debug|Any CPU
		{baab3164-08f1-61e7-46cc-799e4b645808}.Debug|Any CPU.Build.0 = Debug|Any CPU
		{cdc30955-2d73-b0e8-babc-3ec2c88f20e8}.Debug|Any CPU.ActiveCfg = Debug|Any CPU
		{cdc30955-2d73-b0e8-babc-3ec2c88f20e8}.Debug|Any CPU.Build.0 = Debug|Any CPU
		{794c4e7f-4a04-24bc-91b7-11dfaf135a53}.Debug|Any CPU.ActiveCfg = Debug|Any CPU
		{794c4e7f-4a04-24bc-91b7-11dfaf135a53}.Debug|Any CPU.Build.0 = Debug|Any CPU
		{381dc0eb-482b-b49b-f686-34d93fc795b8}.Debug|Any CPU.ActiveCfg = Debug|Any CPU
		{381dc0eb-482b-b49b-f686-34d93fc795b8}.Debug|Any CPU.Build.0 = Debug|Any CPU
		{82638e11-dcfd-163c-5aeb-7ddb5b929f9a}.Debug|Any CPU.ActiveCfg = Debug|Any CPU
		{82638e11-dcfd-163c-5aeb-7ddb5b929f9a}.Debug|Any CPU.Build.0 = Debug|Any CPU
		{d607c2af-dc0e-0dde-706e-015c2b4b5725}.Debug|Any CPU.ActiveCfg = Debug|Any CPU
		{d607c2af-dc0e-0dde-706e-015c2b4b5725}.Debug|Any CPU.Build.0 = Debug|Any CPU
		{3144326a-ce96-d27a-b0b5-42579b146814}.Debug|Any CPU.ActiveCfg = Debug|Any CPU
		{3144326a-ce96-d27a-b0b5-42579b146814}.Debug|Any CPU.Build.0 = Debug|Any CPU
		{6d1c7f7e-3df2-1a9b-7a6f-c1f26926e7d9}.Debug|Any CPU.ActiveCfg = Debug|Any CPU
		{6d1c7f7e-3df2-1a9b-7a6f-c1f26926e7d9}.Debug|Any CPU.Build.0 = Debug|Any CPU
		{ecd3a2dc-5bfd-99c0-848c-d9e96d2fbdfd}.Debug|Any CPU.ActiveCfg = Debug|Any CPU
		{ecd3a2dc-5bfd-99c0-848c-d9e96d2fbdfd}.Debug|Any CPU.Build.0 = Debug|Any CPU
		{60258444-da78-f72a-7ee4-4f43cbf84477}.Debug|Any CPU.ActiveCfg = Debug|Any CPU
		{60258444-da78-f72a-7ee4-4f43cbf84477}.Debug|Any CPU.Build.0 = Debug|Any CPU
	EndGlobalSection
	GlobalSection(SolutionProperties) = preSolution
		HideSolutionNode = FALSE
	EndGlobalSection
EndGlobal
